
Microsoft Visual Studio Solution File, Format Version 12.00
# Visual Studio Version 17
VisualStudioVersion = 17.0.31903.59
MinimumVisualStudioVersion = 10.0.40219.1
Project("{FAE04EC0-301F-11D3-BF4B-00C04F79EFBC}") = "cs160", "cs160\cs160.csproj", "{0BC3E35C-829F-4806-A3C2-0EABF1C25DCA}"
EndProject
Project("{FAE04EC0-301F-11D3-BF4B-00C04F79EFBC}") = "data_structures", "data_structures.csproj", "{5E16BB61-209D-4CA4-ABAA-BDE3A239DA7F}"
EndProject
Global
	GlobalSection(SolutionConfigurationPlatforms) = preSolution
		Debug|Any CPU = Debug|Any CPU
		Release|Any CPU = Release|Any CPU
	EndGlobalSection
	GlobalSection(SolutionProperties) = preSolution
		HideSolutionNode = FALSE
	EndGlobalSection
	GlobalSection(ProjectConfigurationPlatforms) = postSolution
		{0BC3E35C-829F-4806-A3C2-0EABF1C25DCA}.Debug|Any CPU.ActiveCfg = Debug|Any CPU
		{0BC3E35C-829F-4806-A3C2-0EABF1C25DCA}.Debug|Any CPU.Build.0 = Debug|Any CPU
		{0BC3E35C-829F-4806-A3C2-0EABF1C25DCA}.Release|Any CPU.ActiveCfg = Release|Any CPU
		{0BC3E35C-829F-4806-A3C2-0EABF1C25DCA}.Release|Any CPU.Build.0 = Release|Any CPU
		{5E16BB61-209D-4CA4-ABAA-BDE3A239DA7F}.Debug|Any CPU.ActiveCfg = Debug|Any CPU
		{5E16BB61-209D-4CA4-ABAA-BDE3A239DA7F}.Debug|Any CPU.Build.0 = Debug|Any CPU
		{5E16BB61-209D-4CA4-ABAA-BDE3A239DA7F}.Release|Any CPU.ActiveCfg = Release|Any CPU
		{5E16BB61-209D-4CA4-ABAA-BDE3A239DA7F}.Release|Any CPU.Build.0 = Release|Any CPU
	EndGlobalSection
EndGlobal
